
Microsoft Visual Studio Solution File, Format Version 12.00
# Visual Studio Version 16
VisualStudioVersion = 16.0.31624.102
MinimumVisualStudioVersion = 10.0.40219.1
Project("{9A19103F-16F7-4668-BE54-9A1E7A4F7556}") = "EventManagement.API", "EventManagement.API\EventManagement.API.csproj", "{300990B6-60BD-4501-AA54-6A6F0C19DEDF}"
EndProject
Project("{9A19103F-16F7-4668-BE54-9A1E7A4F7556}") = "EventManagement.Application", "EventManagement.Application\EventManagement.Application.csproj", "{DDDC6DE1-18D2-4507-91D8-4A4AA281C78D}"
EndProject
Project("{9A19103F-16F7-4668-BE54-9A1E7A4F7556}") = "EventManagement.Infrastructure", "EventManagement.Infrastructure\EventManagement.Infrastructure.csproj", "{B1C522C3-5D26-4304-8A42-644F77D35B5C}"
EndProject
Project("{9A19103F-16F7-4668-BE54-9A1E7A4F7556}") = "EventManagement.Domain", "EventManagement.Domain\EventManagement.Domain.csproj", "{A037B805-76C3-4DF4-AF7C-F644126E078E}"
EndProject
Project("{2150E333-8FDC-42A3-9474-1A3956D46DE8}") = "scripts", "scripts", "{86EE89F2-C3C2-4080-8B6B-1C35CAC2DF78}"
	ProjectSection(SolutionItems) = preProject
		create-db.sql = create-db.sql
		create-tables.sql = create-tables.sql
		create-triggers.sql = create-triggers.sql
		entrypoint.sh = entrypoint.sh
		setup.sh = setup.sh
		sql.Dockerfile = sql.Dockerfile
		stored-procedures.sql = stored-procedures.sql
	EndProjectSection
EndProject
Project("{E53339B2-1760-4266-BCC7-CA923CBCF16C}") = "docker-compose", "docker-compose.dcproj", "{EE43401F-B221-4A9D-83F5-D9A2A31B0941}"
EndProject
Project("{2150E333-8FDC-42A3-9474-1A3956D46DE8}") = "Tests", "Tests", "{98BCBD95-8A4C-4EB0-A220-BF7405A8D6B5}"
EndProject
Project("{9A19103F-16F7-4668-BE54-9A1E7A4F7556}") = "Application.UnitTests", "..\Tests\Application.UnitTests\Application.UnitTests.csproj", "{344831B4-7F77-4C81-A78B-F468BC0934DD}"
EndProject
Project("{FAE04EC0-301F-11D3-BF4B-00C04F79EFBC}") = "EM.IntegrationTests", "..\Tests\EM.IntegrationTests\EM.IntegrationTests.csproj", "{AA885F48-300D-47D9-83CE-E38F5BD5C1CB}"
EndProject
Global
	GlobalSection(SolutionConfigurationPlatforms) = preSolution
		Debug|Any CPU = Debug|Any CPU
		Release|Any CPU = Release|Any CPU
	EndGlobalSection
	GlobalSection(ProjectConfigurationPlatforms) = postSolution
		{300990B6-60BD-4501-AA54-6A6F0C19DEDF}.Debug|Any CPU.ActiveCfg = Debug|Any CPU
		{300990B6-60BD-4501-AA54-6A6F0C19DEDF}.Debug|Any CPU.Build.0 = Debug|Any CPU
		{300990B6-60BD-4501-AA54-6A6F0C19DEDF}.Release|Any CPU.ActiveCfg = Release|Any CPU
		{300990B6-60BD-4501-AA54-6A6F0C19DEDF}.Release|Any CPU.Build.0 = Release|Any CPU
		{DDDC6DE1-18D2-4507-91D8-4A4AA281C78D}.Debug|Any CPU.ActiveCfg = Debug|Any CPU
		{DDDC6DE1-18D2-4507-91D8-4A4AA281C78D}.Debug|Any CPU.Build.0 = Debug|Any CPU
		{DDDC6DE1-18D2-4507-91D8-4A4AA281C78D}.Release|Any CPU.ActiveCfg = Release|Any CPU
		{DDDC6DE1-18D2-4507-91D8-4A4AA281C78D}.Release|Any CPU.Build.0 = Release|Any CPU
		{B1C522C3-5D26-4304-8A42-644F77D35B5C}.Debug|Any CPU.ActiveCfg = Debug|Any CPU
		{B1C522C3-5D26-4304-8A42-644F77D35B5C}.Debug|Any CPU.Build.0 = Debug|Any CPU
		{B1C522C3-5D26-4304-8A42-644F77D35B5C}.Release|Any CPU.ActiveCfg = Release|Any CPU
		{B1C522C3-5D26-4304-8A42-644F77D35B5C}.Release|Any CPU.Build.0 = Release|Any CPU
		{A037B805-76C3-4DF4-AF7C-F644126E078E}.Debug|Any CPU.ActiveCfg = Debug|Any CPU
		{A037B805-76C3-4DF4-AF7C-F644126E078E}.Debug|Any CPU.Build.0 = Debug|Any CPU
		{A037B805-76C3-4DF4-AF7C-F644126E078E}.Release|Any CPU.ActiveCfg = Release|Any CPU
		{A037B805-76C3-4DF4-AF7C-F644126E078E}.Release|Any CPU.Build.0 = Release|Any CPU
		{EE43401F-B221-4A9D-83F5-D9A2A31B0941}.Debug|Any CPU.ActiveCfg = Debug|Any CPU
		{EE43401F-B221-4A9D-83F5-D9A2A31B0941}.Debug|Any CPU.Build.0 = Debug|Any CPU
		{EE43401F-B221-4A9D-83F5-D9A2A31B0941}.Release|Any CPU.ActiveCfg = Release|Any CPU
		{EE43401F-B221-4A9D-83F5-D9A2A31B0941}.Release|Any CPU.Build.0 = Release|Any CPU
		{344831B4-7F77-4C81-A78B-F468BC0934DD}.Debug|Any CPU.ActiveCfg = Debug|Any CPU
		{344831B4-7F77-4C81-A78B-F468BC0934DD}.Debug|Any CPU.Build.0 = Debug|Any CPU
		{344831B4-7F77-4C81-A78B-F468BC0934DD}.Release|Any CPU.ActiveCfg = Release|Any CPU
		{344831B4-7F77-4C81-A78B-F468BC0934DD}.Release|Any CPU.Build.0 = Release|Any CPU
		{AA885F48-300D-47D9-83CE-E38F5BD5C1CB}.Debug|Any CPU.ActiveCfg = Debug|Any CPU
		{AA885F48-300D-47D9-83CE-E38F5BD5C1CB}.Debug|Any CPU.Build.0 = Debug|Any CPU
		{AA885F48-300D-47D9-83CE-E38F5BD5C1CB}.Release|Any CPU.ActiveCfg = Release|Any CPU
		{AA885F48-300D-47D9-83CE-E38F5BD5C1CB}.Release|Any CPU.Build.0 = Release|Any CPU
	EndGlobalSection
	GlobalSection(SolutionProperties) = preSolution
		HideSolutionNode = FALSE
	EndGlobalSection
	GlobalSection(NestedProjects) = preSolution
		{344831B4-7F77-4C81-A78B-F468BC0934DD} = {98BCBD95-8A4C-4EB0-A220-BF7405A8D6B5}
		{AA885F48-300D-47D9-83CE-E38F5BD5C1CB} = {98BCBD95-8A4C-4EB0-A220-BF7405A8D6B5}
	EndGlobalSection
	GlobalSection(ExtensibilityGlobals) = postSolution
		SolutionGuid = {8CFD1902-3280-4F2E-9EB6-23370DFF1F40}
	EndGlobalSection
EndGlobal
